hash: b57827ca9fd4ff62dee6fed7444846909187467f35c025931e8360aba3ecb24e
updated: 2018-01-29T23:54:31.570807369-08:00
imports:
- name: github.com/btcsuite/btcd
  version: c7588cbf7690cd9f047a28efa2dcd8f2435a4e5e
  subpackages:
  - btcec
- name: github.com/cosmos/cosmos-sdk
  version: 3b09a3033a0551bf46447949eae5e328339952d4
  subpackages:
  - baseapp
  - store
  - types
- name: github.com/davecgh/go-spew
  version: 04cdfd42973bb9c8589fd6a731800cf222fde1a9
  subpackages:
  - spew
- name: github.com/go-kit/kit
  version: e2b298466b32c7cd5579a9b9b07e968fc9d9452c
  subpackages:
  - log
  - log/level
  - log/term
- name: github.com/go-logfmt/logfmt
  version: 390ab7935ee28ec6b286364bba9b4dd6410cb3d5
- name: github.com/go-stack/stack
  version: 817915b46b97fd7bb80e8ab6b69f01a53ac3eebf
- name: github.com/gogo/protobuf
  version: 342cbe0a04158f6dcb03ca0079991a51a4248c02
  subpackages:
  - gogoproto
  - jsonpb
  - proto
  - protoc-gen-gogo/descriptor
  - sortkeys
  - types
- name: github.com/golang/protobuf
  version: 1643683e1b54a9e88ad26d98f81400c8c9d9f4f9
  subpackages:
  - proto
  - ptypes
  - ptypes/any
  - ptypes/duration
  - ptypes/timestamp
- name: github.com/golang/snappy
  version: 553a641470496b2327abcac10b36396bd98e45c9
- name: github.com/jmhodges/levigo
  version: c42d9e0ca023e2198120196f842701bb4c55d7b9
- name: github.com/kr/logfmt
  version: b84e30acd515aadc4b783ad4ff83aff3299bdfe0
- name: github.com/pkg/errors
  version: 645ef00459ed84a119197bfb8d8205042c6df63d
- name: github.com/syndtr/goleveldb
  version: b89cc31ef7977104127d34c1bd31ebd1a9db2199
  subpackages:
  - leveldb
  - leveldb/cache
  - leveldb/comparer
  - leveldb/errors
  - leveldb/filter
  - leveldb/iterator
  - leveldb/journal
  - leveldb/memdb
  - leveldb/opt
  - leveldb/storage
  - leveldb/table
  - leveldb/util
- name: github.com/tendermint/abci
  version: 4243954d8d940f9ee0646a83d48ea7a1a907529e
  subpackages:
  - server
  - types
- name: github.com/tendermint/ed25519
  version: 1f52c6f8b8a5c7908aff4497c186af344b428925
  subpackages:
  - edwards25519
  - extra25519
- name: github.com/tendermint/go-crypto
  version: 12142af1cb4e3479ea4ac98a3171debff87519c6
  subpackages:
  - keys
- name: github.com/tendermint/go-wire
  version: c7801c1586f51bb28028cd420c599516d7ac9c36
  subpackages:
  - data
- name: github.com/tendermint/iavl
  version: ae2ea4a62f60c72dae81ca6642944ca28cf59889
- name: github.com/tendermint/tendermint
  version: b8d9f30ea6196e280ff3a4b879f3281c4e727c4d
- name: github.com/tendermint/tmlibs
  version: dc2111f0ddc779216e99758660a15ec831135706
  subpackages:
  - cli
  - cli/flags
  - common
  - db
  - events
  - log
  - logger
  - merkle
- name: golang.org/x/crypto
  version: edd5e9b0879d13ee6970a50153d85b8fec9f7686
  subpackages:
  - nacl/secretbox
  - openpgp/armor
  - openpgp/errors
  - poly1305
  - ripemd160
  - salsa20/salsa
- name: golang.org/x/net
  version: cd69bc3fc700721b709c3a59e16e24c67b58f6ff
  subpackages:
  - context
  - http2
  - http2/hpack
  - idna
  - internal/timeseries
  - lex/httplex
  - trace
- name: golang.org/x/text
  version: c01e4764d870b77f8abe5096ee19ad20d80e8075
  subpackages:
  - secure/bidirule
  - transform
  - unicode/bidi
  - unicode/norm
- name: google.golang.org/genproto
  version: f676e0f3ac6395ff1a529ae59a6670878a8371a6
  subpackages:
  - googleapis/rpc/status
- name: google.golang.org/grpc
  version: 401e0e00e4bb830a10496d64cd95e068c5bf50de
  subpackages:
  - balancer
  - codes
  - connectivity
  - credentials
  - grpclb/grpc_lb_v1/messages
  - grpclog
  - internal
  - keepalive
  - metadata
  - naming
  - peer
  - resolver
  - stats
  - status
  - tap
  - transport
testImports: []
